
Microsoft Visual Studio Solution File, Format Version 12.00
# Visual Studio Version 16
VisualStudioVersion = 16.0.30711.63
MinimumVisualStudioVersion = 10.0.40219.1
Project("{FAE04EC0-301F-11D3-BF4B-00C04F79EFBC}") = "MarinesV", "MarinesV.csproj", "{2BD0433C-C95E-496E-8F1E-840815C90F05}"
EndProject
Global
	GlobalSection(SolutionConfigurationPlatforms) = preSolution
		Debug|Any CPU = Debug|Any CPU
		Release|Any CPU = Release|Any CPU
	EndGlobalSection
	GlobalSection(ProjectConfigurationPlatforms) = postSolution
		{2BD0433C-C95E-496E-8F1E-840815C90F05}.Debug|Any CPU.ActiveCfg = Debug|Any CPU
		{2BD0433C-C95E-496E-8F1E-840815C90F05}.Debug|Any CPU.Build.0 = Debug|Any CPU
		{2BD0433C-C95E-496E-8F1E-840815C90F05}.Release|Any CPU.ActiveCfg = Release|Any CPU
		{2BD0433C-C95E-496E-8F1E-840815C90F05}.Release|Any CPU.Build.0 = Release|Any CPU
	EndGlobalSection
	GlobalSection(SolutionProperties) = preSolution
		HideSolutionNode = FALSE
	EndGlobalSection
	GlobalSection(ExtensibilityGlobals) = postSolution
		SolutionGuid = {DB1D8D7D-A6EB-4C39-B878-947FFDC8EACC}
	EndGlobalSection
EndGlobal
